// !$*UTF8*$!
{
	archiveVersion = 1;
	classes = {
	};
	objectVersion = 46;
	objects = {

/* Begin PBXBuildFile section */
		3E64EC1B1B66ED02000878F2 /* AppDelegate.swift in Sources */ = {isa = PBXBuildFile; fileRef = 3E64EC1A1B66ED02000878F2 /* AppDelegate.swift */; };
		3E64EC1D1B66ED02000878F2 /* ViewController.swift in Sources */ = {isa = PBXBuildFile; fileRef = 3E64EC1C1B66ED02000878F2 /* ViewController.swift */; };
		3E64EC1F1B66ED02000878F2 /* Images.xcassets in Resources */ = {isa = PBXBuildFile; fileRef = 3E64EC1E1B66ED02000878F2 /* Images.xcassets */; };
		3E64EC221B66ED02000878F2 /* Main.storyboard in Resources */ = {isa = PBXBuildFile; fileRef = 3E64EC201B66ED02000878F2 /* Main.storyboard */; };
		3E64EC2E1B66ED02000878F2 /* pomodoroTests.swift in Sources */ = {isa = PBXBuildFile; fileRef = 3E64EC2D1B66ED02000878F2 /* pomodoroTests.swift */; };
		3E64EC3A1B66F7FE000878F2 /* libicucore.dylib in Frameworks */ = {isa = PBXBuildFile; fileRef = 3E64EC391B66F7FE000878F2 /* libicucore.dylib */; };
		3E64EC3C1B66F808000878F2 /* libc++.dylib in Frameworks */ = {isa = PBXBuildFile; fileRef = 3E64EC3B1B66F808000878F2 /* libc++.dylib */; };
		3E64EC3E1B66F810000878F2 /* CFNetwork.framework in Frameworks */ = {isa = PBXBuildFile; fileRef = 3E64EC3D1B66F810000878F2 /* CFNetwork.framework */; };
		3E64EC401B66F817000878F2 /* Security.framework in Frameworks */ = {isa = PBXBuildFile; fileRef = 3E64EC3F1B66F817000878F2 /* Security.framework */; };
		3E64EC421B66F81D000878F2 /* SystemConfiguration.framework in Frameworks */ = {isa = PBXBuildFile; fileRef = 3E64EC411B66F81D000878F2 /* SystemConfiguration.framework */; };
/* End PBXBuildFile section */

/* Begin PBXContainerItemProxy section */
		3E64EC281B66ED02000878F2 /* PBXContainerItemProxy */ = {
			isa = PBXContainerItemProxy;
			containerPortal = 3E64EC0D1B66ED02000878F2 /* Project object */;
			proxyType = 1;
			remoteGlobalIDString = 3E64EC141B66ED02000878F2;
			remoteInfo = pomodoro;
		};
/* End PBXContainerItemProxy section */

/* Begin PBXFileReference section */
		3E64EC151B66ED02000878F2 /* pomodoro.app */ = {isa = PBXFileReference; explicitFileType = wrapper.application; includeInIndex = 0; path = pomodoro.app; sourceTree = BUILT_PRODUCTS_DIR; };
		3E64EC191B66ED02000878F2 /* Info.plist */ = {isa = PBXFileReference; lastKnownFileType = text.plist.xml; path = Info.plist; sourceTree = "<group>"; };
		3E64EC1A1B66ED02000878F2 /* AppDelegate.swift */ = {isa = PBXFileReference; lastKnownFileType = sourcecode.swift; path = AppDelegate.swift; sourceTree = "<group>"; };
		3E64EC1C1B66ED02000878F2 /* ViewController.swift */ = {isa = PBXFileReference; lastKnownFileType = sourcecode.swift; path = ViewController.swift; sourceTree = "<group>"; };
		3E64EC1E1B66ED02000878F2 /* Images.xcassets */ = {isa = PBXFileReference; lastKnownFileType = folder.assetcatalog; path = Images.xcassets; sourceTree = "<group>"; };
		3E64EC211B66ED02000878F2 /* Base */ = {isa = PBXFileReference; lastKnownFileType = file.storyboard; name = Base; path = Base.lproj/Main.storyboard; sourceTree = "<group>"; };
		3E64EC271B66ED02000878F2 /* pomodoroTests.xctest */ = {isa = PBXFileReference; explicitFileType = wrapper.cfbundle; includeInIndex = 0; path = pomodoroTests.xctest; sourceTree = BUILT_PRODUCTS_DIR; };
		3E64EC2C1B66ED02000878F2 /* Info.plist */ = {isa = PBXFileReference; lastKnownFileType = text.plist.xml; path = Info.plist; sourceTree = "<group>"; };
		3E64EC2D1B66ED02000878F2 /* pomodoroTests.swift */ = {isa = PBXFileReference; lastKnownFileType = sourcecode.swift; path = pomodoroTests.swift; sourceTree = "<group>"; };
		3E64EC391B66F7FE000878F2 /* libicucore.dylib */ = {isa = PBXFileReference; lastKnownFileType = "compiled.mach-o.dylib"; name = libicucore.dylib; path = usr/lib/libicucore.dylib; sourceTree = SDKROOT; };
		3E64EC3B1B66F808000878F2 /* libc++.dylib */ = {isa = PBXFileReference; lastKnownFileType = "compiled.mach-o.dylib"; name = "libc++.dylib"; path = "usr/lib/libc++.dylib"; sourceTree = SDKROOT; };
		3E64EC3D1B66F810000878F2 /* CFNetwork.framework */ = {isa = PBXFileReference; lastKnownFileType = wrapper.framework; name = CFNetwork.framework; path = System/Library/Frameworks/CFNetwork.framework; sourceTree = SDKROOT; };
		3E64EC3F1B66F817000878F2 /* Security.framework */ = {isa = PBXFileReference; lastKnownFileType = wrapper.framework; name = Security.framework; path = System/Library/Frameworks/Security.framework; sourceTree = SDKROOT; };
		3E64EC411B66F81D000878F2 /* SystemConfiguration.framework */ = {isa = PBXFileReference; lastKnownFileType = wrapper.framework; name = SystemConfiguration.framework; path = System/Library/Frameworks/SystemConfiguration.framework; sourceTree = SDKROOT; };
/* End PBXFileReference section */

/* Begin PBXFrameworksBuildPhase section */
		3E64EC121B66ED02000878F2 /* Frameworks */ = {
			isa = PBXFrameworksBuildPhase;
			buildActionMask = 2147483647;
			files = (
				3E64EC421B66F81D000878F2 /* SystemConfiguration.framework in Frameworks */,
				3E64EC401B66F817000878F2 /* Security.framework in Frameworks */,
				3E64EC3E1B66F810000878F2 /* CFNetwork.framework in Frameworks */,
				3E64EC3C1B66F808000878F2 /* libc++.dylib in Frameworks */,
				3E64EC3A1B66F7FE000878F2 /* libicucore.dylib in Frameworks */,
			);
			runOnlyForDeploymentPostprocessing = 0;
		};
		3E64EC241B66ED02000878F2 /* Frameworks */ = {
			isa = PBXFrameworksBuildPhase;
			buildActionMask = 2147483647;
			files = (
			);
			runOnlyForDeploymentPostprocessing = 0;
		};
/* End PBXFrameworksBuildPhase section */

/* Begin PBXGroup section */
		3E64EC0C1B66ED02000878F2 = {
			isa = PBXGroup;
			children = (
				3E64EC171B66ED02000878F2 /* pomodoro */,
				3E64EC2A1B66ED02000878F2 /* pomodoroTests */,
				3E64EC161B66ED02000878F2 /* Products */,
				3EA49D291BA9223100EA82E4 /* Frameworks */,
			);
			sourceTree = "<group>";
		};
		3E64EC161B66ED02000878F2 /* Products */ = {
			isa = PBXGroup;
			children = (
				3E64EC151B66ED02000878F2 /* pomodoro.app */,
				3E64EC271B66ED02000878F2 /* pomodoroTests.xctest */,
			);
			name = Products;
			sourceTree = "<group>";
		};
		3E64EC171B66ED02000878F2 /* pomodoro */ = {
			isa = PBXGroup;
			children = (
				3E64EC1A1B66ED02000878F2 /* AppDelegate.swift */,
				3E64EC1C1B66ED02000878F2 /* ViewController.swift */,
				3E64EC1E1B66ED02000878F2 /* Images.xcassets */,
				3E64EC201B66ED02000878F2 /* Main.storyboard */,
				3E64EC181B66ED02000878F2 /* Supporting Files */,
			);
			path = pomodoro;
			sourceTree = "<group>";
		};
		3E64EC181B66ED02000878F2 /* Supporting Files */ = {
			isa = PBXGroup;
			children = (
				3E64EC191B66ED02000878F2 /* Info.plist */,
			);
			name = "Supporting Files";
			sourceTree = "<group>";
		};
		3E64EC2A1B66ED02000878F2 /* pomodoroTests */ = {
			isa = PBXGroup;
			children = (
				3E64EC2D1B66ED02000878F2 /* pomodoroTests.swift */,
				3E64EC2B1B66ED02000878F2 /* Supporting Files */,
			);
			path = pomodoroTests;
			sourceTree = "<group>";
		};
		3E64EC2B1B66ED02000878F2 /* Supporting Files */ = {
			isa = PBXGroup;
			children = (
				3E64EC2C1B66ED02000878F2 /* Info.plist */,
			);
			name = "Supporting Files";
			sourceTree = "<group>";
		};
		3EA49D291BA9223100EA82E4 /* Frameworks */ = {
			isa = PBXGroup;
			children = (
				3E64EC411B66F81D000878F2 /* SystemConfiguration.framework */,
				3E64EC3F1B66F817000878F2 /* Security.framework */,
				3E64EC3D1B66F810000878F2 /* CFNetwork.framework */,
				3E64EC3B1B66F808000878F2 /* libc++.dylib */,
				3E64EC391B66F7FE000878F2 /* libicucore.dylib */,
			);
			name = Frameworks;
			path = pomodoro;
			sourceTree = "<group>";
		};
/* End PBXGroup section */

/* Begin PBXNativeTarget section */
		3E64EC141B66ED02000878F2 /* pomodoro */ = {
			isa = PBXNativeTarget;
			buildConfigurationList = 3E64EC311B66ED02000878F2 /* Build configuration list for PBXNativeTarget "pomodoro" */;
			buildPhases = (
				3E64EC111B66ED02000878F2 /* Sources */,
				3E64EC121B66ED02000878F2 /* Frameworks */,
				3E64EC131B66ED02000878F2 /* Resources */,
			);
			buildRules = (
			);
			dependencies = (
			);
			name = pomodoro;
			productName = pomodoro;
			productReference = 3E64EC151B66ED02000878F2 /* pomodoro.app */;
			productType = "com.apple.product-type.application";
		};
		3E64EC261B66ED02000878F2 /* pomodoroTests */ = {
			isa = PBXNativeTarget;
			buildConfigurationList = 3E64EC341B66ED02000878F2 /* Build configuration list for PBXNativeTarget "pomodoroTests" */;
			buildPhases = (
				3E64EC231B66ED02000878F2 /* Sources */,
				3E64EC241B66ED02000878F2 /* Frameworks */,
				3E64EC251B66ED02000878F2 /* Resources */,
			);
			buildRules = (
			);
			dependencies = (
				3E64EC291B66ED02000878F2 /* PBXTargetDependency */,
			);
			name = pomodoroTests;
			productName = pomodoroTests;
			productReference = 3E64EC271B66ED02000878F2 /* pomodoroTests.xctest */;
			productType = "com.apple.product-type.bundle.unit-test";
		};
/* End PBXNativeTarget section */

/* Begin PBXProject section */
		3E64EC0D1B66ED02000878F2 /* Project object */ = {
			isa = PBXProject;
			attributes = {
				LastUpgradeCheck = 0640;
				ORGANIZATIONNAME = heitor;
				TargetAttributes = {
					3E64EC141B66ED02000878F2 = {
						CreatedOnToolsVersion = 6.4;
					};
					3E64EC261B66ED02000878F2 = {
						CreatedOnToolsVersion = 6.4;
						TestTargetID = 3E64EC141B66ED02000878F2;
					};
				};
			};
			buildConfigurationList = 3E64EC101B66ED02000878F2 /* Build configuration list for PBXProject "pomodoro" */;
			compatibilityVersion = "Xcode 3.2";
			developmentRegion = English;
			hasScannedForEncodings = 0;
			knownRegions = (
				en,
				Base,
			);
			mainGroup = 3E64EC0C1B66ED02000878F2;
			productRefGroup = 3E64EC161B66ED02000878F2 /* Products */;
			projectDirPath = "";
			projectRoot = "";
			targets = (
				3E64EC141B66ED02000878F2 /* pomodoro */,
				3E64EC261B66ED02000878F2 /* pomodoroTests */,
			);
		};
/* End PBXProject section */

/* Begin PBXResourcesBuildPhase section */
		3E64EC131B66ED02000878F2 /* Resources */ = {
			isa = PBXResourcesBuildPhase;
			buildActionMask = 2147483647;
			files = (
				3E64EC1F1B66ED02000878F2 /* Images.xcassets in Resources */,
				3E64EC221B66ED02000878F2 /* Main.storyboard in Resources */,
			);
			runOnlyForDeploymentPostprocessing = 0;
		};
		3E64EC251B66ED02000878F2 /* Resources */ = {
			isa = PBXResourcesBuildPhase;
			buildActionMask = 2147483647;
			files = (
			);
			runOnlyForDeploymentPostprocessing = 0;
		};
/* End PBXResourcesBuildPhase section */

/* Begin PBXSourcesBuildPhase section */
		3E64EC111B66ED02000878F2 /* Sources */ = {
			isa = PBXSourcesBuildPhase;
			buildActionMask = 2147483647;
			files = (
				3E64EC1D1B66ED02000878F2 /* ViewController.swift in Sources */,
				3E64EC1B1B66ED02000878F2 /* AppDelegate.swift in Sources */,
			);
			runOnlyForDeploymentPostprocessing = 0;
		};
		3E64EC231B66ED02000878F2 /* Sources */ = {
			isa = PBXSourcesBuildPhase;
			buildActionMask = 2147483647;
			files = (
				3E64EC2E1B66ED02000878F2 /* pomodoroTests.swift in Sources */,
			);
			runOnlyForDeploymentPostprocessing = 0;
		};
/* End PBXSourcesBuildPhase section */

/* Begin PBXTargetDependency section */
		3E64EC291B66ED02000878F2 /* PBXTargetDependency */ = {
			isa = PBXTargetDependency;
			target = 3E64EC141B66ED02000878F2 /* pomodoro */;
			targetProxy = 3E64EC281B66ED02000878F2 /* PBXContainerItemProxy */;
		};
/* End PBXTargetDependency section */

/* Begin PBXVariantGroup section */
		3E64EC201B66ED02000878F2 /* Main.storyboard */ = {
			isa = PBXVariantGroup;
			children = (
				3E64EC211B66ED02000878F2 /* Base */,
			);
			name = Main.storyboard;
			sourceTree = "<group>";
		};
/* End PBXVariantGroup section */

/* Begin XCBuildConfiguration section */
		3E64EC2F1B66ED02000878F2 /* Debug */ = {
			isa = XCBuildConfiguration;
			buildSettings = {
				ALWAYS_SEARCH_USER_PATHS = NO;
				CLANG_CXX_LANGUAGE_STANDARD = "gnu++0x";
				CLANG_CXX_LIBRARY = "libc++";
				CLANG_ENABLE_MODULES = YES;
				CLANG_ENABLE_OBJC_ARC = YES;
				CLANG_WARN_BOOL_CONVERSION = YES;
				CLANG_WARN_CONSTANT_CONVERSION = YES;
				CLANG_WARN_DIRECT_OBJC_ISA_USAGE = YES_ERROR;
				CLANG_WARN_EMPTY_BODY = YES;
				CLANG_WARN_ENUM_CONVERSION = YES;
				CLANG_WARN_INT_CONVERSION = YES;
				CLANG_WARN_OBJC_ROOT_CLASS = YES_ERROR;
				CLANG_WARN_UNREACHABLE_CODE = YES;
				CLANG_WARN__DUPLICATE_METHOD_MATCH = YES;
				CODE_SIGN_IDENTITY = "-";
				COPY_PHASE_STRIP = NO;
				DEBUG_INFORMATION_FORMAT = dwarf;
				ENABLE_STRICT_OBJC_MSGSEND = YES;
				GCC_C_LANGUAGE_STANDARD = gnu99;
				GCC_DYNAMIC_NO_PIC = NO;
				GCC_NO_COMMON_BLOCKS = YES;
				GCC_OPTIMIZATION_LEVEL = 0;
				GCC_PREPROCESSOR_DEFINITIONS = (
					"DEBUG=1",
					"$(inherited)",
				);
				GCC_SYMBOLS_PRIVATE_EXTERN = NO;
				GCC_WARN_64_TO_32_BIT_CONVERSION = YES;
				GCC_WARN_ABOUT_RETURN_TYPE = YES_ERROR;
				GCC_WARN_UNDECLARED_SELECTOR = YES;
				GCC_WARN_UNINITIALIZED_AUTOS = YES_AGGRESSIVE;
				GCC_WARN_UNUSED_FUNCTION = YES;
				GCC_WARN_UNUSED_VARIABLE = YES;
				MACOSX_DEPLOYMENT_TARGET = 10.10;
				MTL_ENABLE_DEBUG_INFO = YES;
				ONLY_ACTIVE_ARCH = YES;
				SDKROOT = macosx;
				SWIFT_OPTIMIZATION_LEVEL = "-Onone";
			};
			name = Debug;
		};
		3E64EC301B66ED02000878F2 /* Release */ = {
			isa = XCBuildConfiguration;
			buildSettings = {
				ALWAYS_SEARCH_USER_PATHS = NO;
				CLANG_CXX_LANGUAGE_STANDARD = "gnu++0x";
				CLANG_CXX_LIBRARY = "libc++";
				CLANG_ENABLE_MODULES = YES;
				CLANG_ENABLE_OBJC_ARC = YES;
				CLANG_WARN_BOOL_CONVERSION = YES;
				CLANG_WARN_CONSTANT_CONVERSION = YES;
				CLANG_WARN_DIRECT_OBJC_ISA_USAGE = YES_ERROR;
				CLANG_WARN_EMPTY_BODY = YES;
				CLANG_WARN_ENUM_CONVERSION = YES;
				CLANG_WARN_INT_CONVERSION = YES;
				CLANG_WARN_OBJC_ROOT_CLASS = YES_ERROR;
				CLANG_WARN_UNREACHABLE_CODE = YES;
				CLANG_WARN__DUPLICATE_METHOD_MATCH = YES;
				CODE_SIGN_IDENTITY = "-";
				COPY_PHASE_STRIP = NO;
				DEBUG_INFORMATION_FORMAT = "dwarf-with-dsym";
				ENABLE_NS_ASSERTIONS = NO;
				ENABLE_STRICT_OBJC_MSGSEND = YES;
				GCC_C_LANGUAGE_STANDARD = gnu99;
				GCC_NO_COMMON_BLOCKS = YES;
				GCC_WARN_64_TO_32_BIT_CONVERSION = YES;
				GCC_WARN_ABOUT_RETURN_TYPE = YES_ERROR;
				GCC_WARN_UNDECLARED_SELECTOR = YES;
				GCC_WARN_UNINITIALIZED_AUTOS = YES_AGGRESSIVE;
				GCC_WARN_UNUSED_FUNCTION = YES;
				GCC_WARN_UNUSED_VARIABLE = YES;
				MACOSX_DEPLOYMENT_TARGET = 10.10;
				MTL_ENABLE_DEBUG_INFO = NO;
				SDKROOT = macosx;
			};
			name = Release;
		};
		3E64EC321B66ED02000878F2 /* Debug */ = {
			isa = XCBuildConfiguration;
			buildSettings = {
				ASSETCATALOG_COMPILER_APPICON_NAME = AppIcon;
				COMBINE_HIDPI_IMAGES = YES;
				FRAMEWORK_SEARCH_PATHS = (
					"$(inherited)",
					"$(PROJECT_DIR)",
				);
				INFOPLIST_FILE = pomodoro/Info.plist;
				LD_RUNPATH_SEARCH_PATHS = "$(inherited) @executable_path/../Frameworks";
				PRODUCT_NAME = "$(TARGET_NAME)";
			};
			name = Debug;
		};
		3E64EC331B66ED02000878F2 /* Release */ = {
			isa = XCBuildConfiguration;
			buildSettings = {
				ASSETCATALOG_COMPILER_APPICON_NAME = AppIcon;
				COMBINE_HIDPI_IMAGES = YES;
				FRAMEWORK_SEARCH_PATHS = (
					"$(inherited)",
					"$(PROJECT_DIR)",
				);
				INFOPLIST_FILE = pomodoro/Info.plist;
				LD_RUNPATH_SEARCH_PATHS = "$(inherited) @executable_path/../Frameworks";
				PRODUCT_NAME = "$(TARGET_NAME)";
			};
			name = Release;
		};
		3E64EC351B66ED02000878F2 /* Debug */ = {
			isa = XCBuildConfiguration;
			buildSettings = {
				BUNDLE_LOADER = "$(TEST_HOST)";
				COMBINE_HIDPI_IMAGES = YES;
				FRAMEWORK_SEARCH_PATHS = (
					"$(DEVELOPER_FRAMEWORKS_DIR)",
					"$(inherited)",
				);
				GCC_PREPROCESSOR_DEFINITIONS = (
					"DEBUG=1",
					"$(inherited)",
				);
				INFOPLIST_FILE = pomodoroTests/Info.plist;
				LD_RUNPATH_SEARCH_PATHS = "$(inherited) @executable_path/../Frameworks @loader_path/../Frameworks";
				PRODUCT_NAME = "$(TARGET_NAME)";
				TEST_HOST = "$(BUILT_PRODUCTS_DIR)/pomodoro.app/Contents/MacOS/pomodoro";
			};
			name = Debug;
		};
		3E64EC361B66ED02000878F2 /* Release */ = {
			isa = XCBuildConfiguration;
			buildSettings = {
				BUNDLE_LOADER = "$(TEST_HOST)";
				COMBINE_HIDPI_IMAGES = YES;
				FRAMEWORK_SEARCH_PATHS = (
					"$(DEVELOPER_FRAMEWORKS_DIR)",
					"$(inherited)",
				);
				INFOPLIST_FILE = pomodoroTests/Info.plist;
				LD_RUNPATH_SEARCH_PATHS = "$(inherited) @executable_path/../Frameworks @loader_path/../Frameworks";
				PRODUCT_NAME = "$(TARGET_NAME)";
				TEST_HOST = "$(BUILT_PRODUCTS_DIR)/pomodoro.app/Contents/MacOS/pomodoro";
			};
			name = Release;
		};
/* End XCBuildConfiguration section */

/* Begin XCConfigurationList section */
		3E64EC101B66ED02000878F2 /* Build configuration list for PBXProject "pomodoro" */ = {
			isa = XCConfigurationList;
			buildConfigurations = (
				3E64EC2F1B66ED02000878F2 /* Debug */,
				3E64EC301B66ED02000878F2 /* Release */,
			);
			defaultConfigurationIsVisible = 0;
			defaultConfigurationName = Release;
		};
		3E64EC311B66ED02000878F2 /* Build configuration list for PBXNativeTarget "pomodoro" */ = {
			isa = XCConfigurationList;
			buildConfigurations = (
				3E64EC321B66ED02000878F2 /* Debug */,
				3E64EC331B66ED02000878F2 /* Release */,
			);
			defaultConfigurationIsVisible = 0;
			defaultConfigurationName = Release;
		};
		3E64EC341B66ED02000878F2 /* Build configuration list for PBXNativeTarget "pomodoroTests" */ = {
			isa = XCConfigurationList;
			buildConfigurations = (
				3E64EC351B66ED02000878F2 /* Debug */,
				3E64EC361B66ED02000878F2 /* Release */,
			);
			defaultConfigurationIsVisible = 0;
			defaultConfigurationName = Release;
		};
/* End XCConfigurationList section */
	};
	rootObject = 3E64EC0D1B66ED02000878F2 /* Project object */;
}
